
Microsoft Visual Studio Solution File, Format Version 12.00
# Visual Studio 15
VisualStudioVersion = 15.0.26403.7
MinimumVisualStudioVersion = 10.0.40219.1
Project("{FAE04EC0-301F-11D3-BF4B-00C04F79EFBC}") = "Lecture_1", "Lecture_1\Lecture_1.csproj", "{32AB490C-9BB7-4EBD-A61F-AFE8B2D62101}"
EndProject
Project("{FAE04EC0-301F-11D3-BF4B-00C04F79EFBC}") = "Expression", "Expression\Expression.csproj", "{FD660F22-1773-4EFC-AD45-7D632B505492}"
EndProject
Project("{FAE04EC0-301F-11D3-BF4B-00C04F79EFBC}") = "Nums1to20", "Nums1to20\Nums1to20.csproj", "{E38A4E7C-133B-410E-AE3E-3E89626383E9}"
EndProject
Global
	GlobalSection(SolutionConfigurationPlatforms) = preSolution
		Debug|Any CPU = Debug|Any CPU
		Release|Any CPU = Release|Any CPU
	EndGlobalSection
	GlobalSection(ProjectConfigurationPlatforms) = postSolution
		{32AB490C-9BB7-4EBD-A61F-AFE8B2D62101}.Debug|Any CPU.ActiveCfg = Debug|Any CPU
		{32AB490C-9BB7-4EBD-A61F-AFE8B2D62101}.Debug|Any CPU.Build.0 = Debug|Any CPU
		{32AB490C-9BB7-4EBD-A61F-AFE8B2D62101}.Release|Any CPU.ActiveCfg = Release|Any CPU
		{32AB490C-9BB7-4EBD-A61F-AFE8B2D62101}.Release|Any CPU.Build.0 = Release|Any CPU
		{FD660F22-1773-4EFC-AD45-7D632B505492}.Debug|Any CPU.ActiveCfg = Debug|Any CPU
		{FD660F22-1773-4EFC-AD45-7D632B505492}.Debug|Any CPU.Build.0 = Debug|Any CPU
		{FD660F22-1773-4EFC-AD45-7D632B505492}.Release|Any CPU.ActiveCfg = Release|Any CPU
		{FD660F22-1773-4EFC-AD45-7D632B505492}.Release|Any CPU.Build.0 = Release|Any CPU
		{E38A4E7C-133B-410E-AE3E-3E89626383E9}.Debug|Any CPU.ActiveCfg = Debug|Any CPU
		{E38A4E7C-133B-410E-AE3E-3E89626383E9}.Debug|Any CPU.Build.0 = Debug|Any CPU
		{E38A4E7C-133B-410E-AE3E-3E89626383E9}.Release|Any CPU.ActiveCfg = Release|Any CPU
		{E38A4E7C-133B-410E-AE3E-3E89626383E9}.Release|Any CPU.Build.0 = Release|Any CPU
	EndGlobalSection
	GlobalSection(SolutionProperties) = preSolution
		HideSolutionNode = FALSE
	EndGlobalSection
EndGlobal
