
Microsoft Visual Studio Solution File, Format Version 12.00
# Visual Studio 15
VisualStudioVersion = 15.0.26403.7
MinimumVisualStudioVersion = 10.0.40219.1
Project("{FAE04EC0-301F-11D3-BF4B-00C04F79EFBC}") = "DanceHall", "DanceHall\DanceHall.csproj", "{FFA530BE-2DB0-44A6-8F06-892CF33FDC43}"
EndProject
Project("{FAE04EC0-301F-11D3-BF4B-00C04F79EFBC}") = "Choreography", "Choreography\Choreography.csproj", "{41173FC4-84BD-416A-9199-2CFBA3C2E72F}"
EndProject
Project("{FAE04EC0-301F-11D3-BF4B-00C04F79EFBC}") = "FinalCompetition", "FinalCompetition\FinalCompetition.csproj", "{6331F45F-0E19-4509-A687-7D01890AD7F4}"
EndProject
Project("{FAE04EC0-301F-11D3-BF4B-00C04F79EFBC}") = "EnergyLoss", "EnergyLoss\EnergyLoss.csproj", "{2E65157D-75B0-41F4-BB67-5171963D5703}"
EndProject
Project("{FAE04EC0-301F-11D3-BF4B-00C04F79EFBC}") = "cup", "cup\cup.csproj", "{1DB74FD8-C635-447E-AECC-1442E3A8BE76}"
EndProject
Project("{FAE04EC0-301F-11D3-BF4B-00C04F79EFBC}") = "Group_Name", "Group_Name\Group_Name.csproj", "{7BF1ED4A-73AE-4C04-A224-10EE9074069A}"
EndProject
Global
	GlobalSection(SolutionConfigurationPlatforms) = preSolution
		Debug|Any CPU = Debug|Any CPU
		Release|Any CPU = Release|Any CPU
	EndGlobalSection
	GlobalSection(ProjectConfigurationPlatforms) = postSolution
		{FFA530BE-2DB0-44A6-8F06-892CF33FDC43}.Debug|Any CPU.ActiveCfg = Debug|Any CPU
		{FFA530BE-2DB0-44A6-8F06-892CF33FDC43}.Debug|Any CPU.Build.0 = Debug|Any CPU
		{FFA530BE-2DB0-44A6-8F06-892CF33FDC43}.Release|Any CPU.ActiveCfg = Release|Any CPU
		{FFA530BE-2DB0-44A6-8F06-892CF33FDC43}.Release|Any CPU.Build.0 = Release|Any CPU
		{41173FC4-84BD-416A-9199-2CFBA3C2E72F}.Debug|Any CPU.ActiveCfg = Debug|Any CPU
		{41173FC4-84BD-416A-9199-2CFBA3C2E72F}.Debug|Any CPU.Build.0 = Debug|Any CPU
		{41173FC4-84BD-416A-9199-2CFBA3C2E72F}.Release|Any CPU.ActiveCfg = Release|Any CPU
		{41173FC4-84BD-416A-9199-2CFBA3C2E72F}.Release|Any CPU.Build.0 = Release|Any CPU
		{6331F45F-0E19-4509-A687-7D01890AD7F4}.Debug|Any CPU.ActiveCfg = Debug|Any CPU
		{6331F45F-0E19-4509-A687-7D01890AD7F4}.Debug|Any CPU.Build.0 = Debug|Any CPU
		{6331F45F-0E19-4509-A687-7D01890AD7F4}.Release|Any CPU.ActiveCfg = Release|Any CPU
		{6331F45F-0E19-4509-A687-7D01890AD7F4}.Release|Any CPU.Build.0 = Release|Any CPU
		{2E65157D-75B0-41F4-BB67-5171963D5703}.Debug|Any CPU.ActiveCfg = Debug|Any CPU
		{2E65157D-75B0-41F4-BB67-5171963D5703}.Debug|Any CPU.Build.0 = Debug|Any CPU
		{2E65157D-75B0-41F4-BB67-5171963D5703}.Release|Any CPU.ActiveCfg = Release|Any CPU
		{2E65157D-75B0-41F4-BB67-5171963D5703}.Release|Any CPU.Build.0 = Release|Any CPU
		{1DB74FD8-C635-447E-AECC-1442E3A8BE76}.Debug|Any CPU.ActiveCfg = Debug|Any CPU
		{1DB74FD8-C635-447E-AECC-1442E3A8BE76}.Debug|Any CPU.Build.0 = Debug|Any CPU
		{1DB74FD8-C635-447E-AECC-1442E3A8BE76}.Release|Any CPU.ActiveCfg = Release|Any CPU
		{1DB74FD8-C635-447E-AECC-1442E3A8BE76}.Release|Any CPU.Build.0 = Release|Any CPU
		{7BF1ED4A-73AE-4C04-A224-10EE9074069A}.Debug|Any CPU.ActiveCfg = Debug|Any CPU
		{7BF1ED4A-73AE-4C04-A224-10EE9074069A}.Debug|Any CPU.Build.0 = Debug|Any CPU
		{7BF1ED4A-73AE-4C04-A224-10EE9074069A}.Release|Any CPU.ActiveCfg = Release|Any CPU
		{7BF1ED4A-73AE-4C04-A224-10EE9074069A}.Release|Any CPU.Build.0 = Release|Any CPU
	EndGlobalSection
	GlobalSection(SolutionProperties) = preSolution
		HideSolutionNode = FALSE
	EndGlobalSection
EndGlobal
